// !$*UTF8*$!
{
	archiveVersion = 1;
	classes = {
	};
	objectVersion = 55;
	objects = {

/* Begin PBXBuildFile section */
		E05ABB1B29D8B7F700135664 /* AppDelegate.swift in Sources */ = {isa = PBXBuildFile; fileRef = E05ABB1A29D8B7F700135664 /* AppDelegate.swift */; };
		E05ABB1D29D8B7F700135664 /* SceneDelegate.swift in Sources */ = {isa = PBXBuildFile; fileRef = E05ABB1C29D8B7F700135664 /* SceneDelegate.swift */; };
		E05ABB2229D8B7F700135664 /* Main.storyboard in Resources */ = {isa = PBXBuildFile; fileRef = E05ABB2029D8B7F700135664 /* Main.storyboard */; };
		E05ABB2429D8B7F900135664 /* Assets.xcassets in Resources */ = {isa = PBXBuildFile; fileRef = E05ABB2329D8B7F900135664 /* Assets.xcassets */; };
		E05ABB2729D8B7F900135664 /* LaunchScreen.storyboard in Resources */ = {isa = PBXBuildFile; fileRef = E05ABB2529D8B7F900135664 /* LaunchScreen.storyboard */; };
		E05ABB3229D8B7F900135664 /* DigitNoiseTests.swift in Sources */ = {isa = PBXBuildFile; fileRef = E05ABB3129D8B7F900135664 /* DigitNoiseTests.swift */; };
		E05ABB3C29D8B7F900135664 /* DigitNoiseUITests.swift in Sources */ = {isa = PBXBuildFile; fileRef = E05ABB3B29D8B7F900135664 /* DigitNoiseUITests.swift */; };
		E05ABB3E29D8B7F900135664 /* DigitNoiseUITestsLaunchTests.swift in Sources */ = {isa = PBXBuildFile; fileRef = E05ABB3D29D8B7F900135664 /* DigitNoiseUITestsLaunchTests.swift */; };
		E05ABB4B29D8B89200135664 /* StartViewController.swift in Sources */ = {isa = PBXBuildFile; fileRef = E05ABB4A29D8B89200135664 /* StartViewController.swift */; };
		E05ABC6529D8C69200135664 /* TestViewController.swift in Sources */ = {isa = PBXBuildFile; fileRef = E05ABC6429D8C69200135664 /* TestViewController.swift */; };
		E08A5B7129DA0F450012EA76 /* TestViewModel.swift in Sources */ = {isa = PBXBuildFile; fileRef = E08A5B7029DA0F450012EA76 /* TestViewModel.swift */; };
		E0B9A73229DB4DAA00475D46 /* 5.m4a in Resources */ = {isa = PBXBuildFile; fileRef = E0B9A71F29DB4DA900475D46 /* 5.m4a */; };
		E0B9A73329DB4DAA00475D46 /* 7.m4a in Resources */ = {isa = PBXBuildFile; fileRef = E0B9A72029DB4DA900475D46 /* 7.m4a */; };
		E0B9A73429DB4DAA00475D46 /* noise_6.m4a in Resources */ = {isa = PBXBuildFile; fileRef = E0B9A72129DB4DA900475D46 /* noise_6.m4a */; };
		E0B9A73529DB4DAA00475D46 /* noise_9.m4a in Resources */ = {isa = PBXBuildFile; fileRef = E0B9A72229DB4DA900475D46 /* noise_9.m4a */; };
		E0B9A73629DB4DAA00475D46 /* 3.m4a in Resources */ = {isa = PBXBuildFile; fileRef = E0B9A72329DB4DA900475D46 /* 3.m4a */; };
		E0B9A73729DB4DAA00475D46 /* noise_8.m4a in Resources */ = {isa = PBXBuildFile; fileRef = E0B9A72429DB4DA900475D46 /* noise_8.m4a */; };
		E0B9A73829DB4DAA00475D46 /* 4.m4a in Resources */ = {isa = PBXBuildFile; fileRef = E0B9A72529DB4DA900475D46 /* 4.m4a */; };
		E0B9A73929DB4DAA00475D46 /* noise_1.m4a in Resources */ = {isa = PBXBuildFile; fileRef = E0B9A72629DB4DA900475D46 /* noise_1.m4a */; };
		E0B9A73A29DB4DAA00475D46 /* noise_10.m4a in Resources */ = {isa = PBXBuildFile; fileRef = E0B9A72729DB4DA900475D46 /* noise_10.m4a */; };
		E0B9A73B29DB4DAA00475D46 /* 6.m4a in Resources */ = {isa = PBXBuildFile; fileRef = E0B9A72829DB4DA900475D46 /* 6.m4a */; };
		E0B9A73C29DB4DAA00475D46 /* noise_3.m4a in Resources */ = {isa = PBXBuildFile; fileRef = E0B9A72929DB4DA900475D46 /* noise_3.m4a */; };
		E0B9A73D29DB4DAA00475D46 /* 8.m4a in Resources */ = {isa = PBXBuildFile; fileRef = E0B9A72A29DB4DA900475D46 /* 8.m4a */; };
		E0B9A73E29DB4DAA00475D46 /* noise_2.m4a in Resources */ = {isa = PBXBuildFile; fileRef = E0B9A72B29DB4DA900475D46 /* noise_2.m4a */; };
		E0B9A73F29DB4DAA00475D46 /* noise_4.m4a in Resources */ = {isa = PBXBuildFile; fileRef = E0B9A72C29DB4DA900475D46 /* noise_4.m4a */; };
		E0B9A74029DB4DAA00475D46 /* noise_5.m4a in Resources */ = {isa = PBXBuildFile; fileRef = E0B9A72D29DB4DA900475D46 /* noise_5.m4a */; };
		E0B9A74129DB4DAA00475D46 /* 1.m4a in Resources */ = {isa = PBXBuildFile; fileRef = E0B9A72E29DB4DA900475D46 /* 1.m4a */; };
		E0B9A74229DB4DAA00475D46 /* 9.m4a in Resources */ = {isa = PBXBuildFile; fileRef = E0B9A72F29DB4DA900475D46 /* 9.m4a */; };
		E0B9A74329DB4DAA00475D46 /* 2.m4a in Resources */ = {isa = PBXBuildFile; fileRef = E0B9A73029DB4DA900475D46 /* 2.m4a */; };
		E0B9A74429DB4DAA00475D46 /* noise_7.m4a in Resources */ = {isa = PBXBuildFile; fileRef = E0B9A73129DB4DA900475D46 /* noise_7.m4a */; };
/* End PBXBuildFile section */

/* Begin PBXContainerItemProxy section */
		E05ABB2E29D8B7F900135664 /* PBXContainerItemProxy */ = {
			isa = PBXContainerItemProxy;
			containerPortal = E05ABB0F29D8B7F700135664 /* Project object */;
			proxyType = 1;
			remoteGlobalIDString = E05ABB1629D8B7F700135664;
			remoteInfo = DigitNoise;
		};
		E05ABB3829D8B7F900135664 /* PBXContainerItemProxy */ = {
			isa = PBXContainerItemProxy;
			containerPortal = E05ABB0F29D8B7F700135664 /* Project object */;
			proxyType = 1;
			remoteGlobalIDString = E05ABB1629D8B7F700135664;
			remoteInfo = DigitNoise;
		};
/* End PBXContainerItemProxy section */

/* Begin PBXFileReference section */
		E05ABB1729D8B7F700135664 /* DigitNoise.app */ = {isa = PBXFileReference; explicitFileType = wrapper.application; includeInIndex = 0; path = DigitNoise.app; sourceTree = BUILT_PRODUCTS_DIR; };
		E05ABB1A29D8B7F700135664 /* AppDelegate.swift */ = {isa = PBXFileReference; lastKnownFileType = sourcecode.swift; path = AppDelegate.swift; sourceTree = "<group>"; };
		E05ABB1C29D8B7F700135664 /* SceneDelegate.swift */ = {isa = PBXFileReference; lastKnownFileType = sourcecode.swift; path = SceneDelegate.swift; sourceTree = "<group>"; };
		E05ABB2129D8B7F700135664 /* Base */ = {isa = PBXFileReference; lastKnownFileType = file.storyboard; name = Base; path = Base.lproj/Main.storyboard; sourceTree = "<group>"; };
		E05ABB2329D8B7F900135664 /* Assets.xcassets */ = {isa = PBXFileReference; lastKnownFileType = folder.assetcatalog; path = Assets.xcassets; sourceTree = "<group>"; };
		E05ABB2629D8B7F900135664 /* Base */ = {isa = PBXFileReference; lastKnownFileType = file.storyboard; name = Base; path = Base.lproj/LaunchScreen.storyboard; sourceTree = "<group>"; };
		E05ABB2829D8B7F900135664 /* Info.plist */ = {isa = PBXFileReference; lastKnownFileType = text.plist.xml; path = Info.plist; sourceTree = "<group>"; };
		E05ABB2D29D8B7F900135664 /* DigitNoiseTests.xctest */ = {isa = PBXFileReference; explicitFileType = wrapper.cfbundle; includeInIndex = 0; path = DigitNoiseTests.xctest; sourceTree = BUILT_PRODUCTS_DIR; };
		E05ABB3129D8B7F900135664 /* DigitNoiseTests.swift */ = {isa = PBXFileReference; lastKnownFileType = sourcecode.swift; path = DigitNoiseTests.swift; sourceTree = "<group>"; };
		E05ABB3729D8B7F900135664 /* DigitNoiseUITests.xctest */ = {isa = PBXFileReference; explicitFileType = wrapper.cfbundle; includeInIndex = 0; path = DigitNoiseUITests.xctest; sourceTree = BUILT_PRODUCTS_DIR; };
		E05ABB3B29D8B7F900135664 /* DigitNoiseUITests.swift */ = {isa = PBXFileReference; lastKnownFileType = sourcecode.swift; path = DigitNoiseUITests.swift; sourceTree = "<group>"; };
		E05ABB3D29D8B7F900135664 /* DigitNoiseUITestsLaunchTests.swift */ = {isa = PBXFileReference; lastKnownFileType = sourcecode.swift; path = DigitNoiseUITestsLaunchTests.swift; sourceTree = "<group>"; };
		E05ABB4A29D8B89200135664 /* StartViewController.swift */ = {isa = PBXFileReference; lastKnownFileType = sourcecode.swift; path = StartViewController.swift; sourceTree = "<group>"; };
		E05ABC6429D8C69200135664 /* TestViewController.swift */ = {isa = PBXFileReference; lastKnownFileType = sourcecode.swift; path = TestViewController.swift; sourceTree = "<group>"; };
		E08A5B7029DA0F450012EA76 /* TestViewModel.swift */ = {isa = PBXFileReference; lastKnownFileType = sourcecode.swift; path = TestViewModel.swift; sourceTree = "<group>"; };
		E0B9A71F29DB4DA900475D46 /* 5.m4a */ = {isa = PBXFileReference; lastKnownFileType = file; name = 5.m4a; path = "../../../../Downloads/audio_files 2/5.m4a"; sourceTree = "<group>"; };
		E0B9A72029DB4DA900475D46 /* 7.m4a */ = {isa = PBXFileReference; lastKnownFileType = file; name = 7.m4a; path = "../../../../Downloads/audio_files 2/7.m4a"; sourceTree = "<group>"; };
		E0B9A72129DB4DA900475D46 /* noise_6.m4a */ = {isa = PBXFileReference; lastKnownFileType = file; name = noise_6.m4a; path = "../../../../Downloads/audio_files 2/noise_6.m4a"; sourceTree = "<group>"; };
		E0B9A72229DB4DA900475D46 /* noise_9.m4a */ = {isa = PBXFileReference; lastKnownFileType = file; name = noise_9.m4a; path = "../../../../Downloads/audio_files 2/noise_9.m4a"; sourceTree = "<group>"; };
		E0B9A72329DB4DA900475D46 /* 3.m4a */ = {isa = PBXFileReference; lastKnownFileType = file; name = 3.m4a; path = "../../../../Downloads/audio_files 2/3.m4a"; sourceTree = "<group>"; };
		E0B9A72429DB4DA900475D46 /* noise_8.m4a */ = {isa = PBXFileReference; lastKnownFileType = file; name = noise_8.m4a; path = "../../../../Downloads/audio_files 2/noise_8.m4a"; sourceTree = "<group>"; };
		E0B9A72529DB4DA900475D46 /* 4.m4a */ = {isa = PBXFileReference; lastKnownFileType = file; name = 4.m4a; path = "../../../../Downloads/audio_files 2/4.m4a"; sourceTree = "<group>"; };
		E0B9A72629DB4DA900475D46 /* noise_1.m4a */ = {isa = PBXFileReference; lastKnownFileType = file; name = noise_1.m4a; path = "../../../../Downloads/audio_files 2/noise_1.m4a"; sourceTree = "<group>"; };
		E0B9A72729DB4DA900475D46 /* noise_10.m4a */ = {isa = PBXFileReference; lastKnownFileType = file; name = noise_10.m4a; path = "../../../../Downloads/audio_files 2/noise_10.m4a"; sourceTree = "<group>"; };
		E0B9A72829DB4DA900475D46 /* 6.m4a */ = {isa = PBXFileReference; lastKnownFileType = file; name = 6.m4a; path = "../../../../Downloads/audio_files 2/6.m4a"; sourceTree = "<group>"; };
		E0B9A72929DB4DA900475D46 /* noise_3.m4a */ = {isa = PBXFileReference; lastKnownFileType = file; name = noise_3.m4a; path = "../../../../Downloads/audio_files 2/noise_3.m4a"; sourceTree = "<group>"; };
		E0B9A72A29DB4DA900475D46 /* 8.m4a */ = {isa = PBXFileReference; lastKnownFileType = file; name = 8.m4a; path = "../../../../Downloads/audio_files 2/8.m4a"; sourceTree = "<group>"; };
		E0B9A72B29DB4DA900475D46 /* noise_2.m4a */ = {isa = PBXFileReference; lastKnownFileType = file; name = noise_2.m4a; path = "../../../../Downloads/audio_files 2/noise_2.m4a"; sourceTree = "<group>"; };
		E0B9A72C29DB4DA900475D46 /* noise_4.m4a */ = {isa = PBXFileReference; lastKnownFileType = file; name = noise_4.m4a; path = "../../../../Downloads/audio_files 2/noise_4.m4a"; sourceTree = "<group>"; };
		E0B9A72D29DB4DA900475D46 /* noise_5.m4a */ = {isa = PBXFileReference; lastKnownFileType = file; name = noise_5.m4a; path = "../../../../Downloads/audio_files 2/noise_5.m4a"; sourceTree = "<group>"; };
		E0B9A72E29DB4DA900475D46 /* 1.m4a */ = {isa = PBXFileReference; lastKnownFileType = file; name = 1.m4a; path = "../../../../Downloads/audio_files 2/1.m4a"; sourceTree = "<group>"; };
		E0B9A72F29DB4DA900475D46 /* 9.m4a */ = {isa = PBXFileReference; lastKnownFileType = file; name = 9.m4a; path = "../../../../Downloads/audio_files 2/9.m4a"; sourceTree = "<group>"; };
		E0B9A73029DB4DA900475D46 /* 2.m4a */ = {isa = PBXFileReference; lastKnownFileType = file; name = 2.m4a; path = "../../../../Downloads/audio_files 2/2.m4a"; sourceTree = "<group>"; };
		E0B9A73129DB4DA900475D46 /* noise_7.m4a */ = {isa = PBXFileReference; lastKnownFileType = file; name = noise_7.m4a; path = "../../../../Downloads/audio_files 2/noise_7.m4a"; sourceTree = "<group>"; };
/* End PBXFileReference section */

/* Begin PBXFrameworksBuildPhase section */
		E05ABB1429D8B7F700135664 /* Frameworks */ = {
			isa = PBXFrameworksBuildPhase;
			buildActionMask = 2147483647;
			files = (
			);
			runOnlyForDeploymentPostprocessing = 0;
		};
		E05ABB2A29D8B7F900135664 /* Frameworks */ = {
			isa = PBXFrameworksBuildPhase;
			buildActionMask = 2147483647;
			files = (
			);
			runOnlyForDeploymentPostprocessing = 0;
		};
		E05ABB3429D8B7F900135664 /* Frameworks */ = {
			isa = PBXFrameworksBuildPhase;
			buildActionMask = 2147483647;
			files = (
			);
			runOnlyForDeploymentPostprocessing = 0;
		};
/* End PBXFrameworksBuildPhase section */

/* Begin PBXGroup section */
		E05ABB0E29D8B7F700135664 = {
			isa = PBXGroup;
			children = (
				E05ABB1929D8B7F700135664 /* DigitNoise */,
				E05ABB3029D8B7F900135664 /* DigitNoiseTests */,
				E05ABB3A29D8B7F900135664 /* DigitNoiseUITests */,
				E05ABB1829D8B7F700135664 /* Products */,
			);
			sourceTree = "<group>";
		};
		E05ABB1829D8B7F700135664 /* Products */ = {
			isa = PBXGroup;
			children = (
				E05ABB1729D8B7F700135664 /* DigitNoise.app */,
				E05ABB2D29D8B7F900135664 /* DigitNoiseTests.xctest */,
				E05ABB3729D8B7F900135664 /* DigitNoiseUITests.xctest */,
			);
			name = Products;
			sourceTree = "<group>";
		};
		E05ABB1929D8B7F700135664 /* DigitNoise */ = {
			isa = PBXGroup;
			children = (
				E08A5B7229DA32330012EA76 /* resources */,
				E05ABC6329D8C4ED00135664 /* ViewController */,
				E05ABC6229D8C4C100135664 /* Networking */,
				E05ABC6129D8C4A500135664 /* ViewModel */,
				E05ABC6029D8C49E00135664 /* UI */,
				E05ABB1A29D8B7F700135664 /* AppDelegate.swift */,
				E05ABB1C29D8B7F700135664 /* SceneDelegate.swift */,
				E05ABB2329D8B7F900135664 /* Assets.xcassets */,
				E05ABB2829D8B7F900135664 /* Info.plist */,
			);
			path = DigitNoise;
			sourceTree = "<group>";
		};
		E05ABB3029D8B7F900135664 /* DigitNoiseTests */ = {
			isa = PBXGroup;
			children = (
				E05ABB3129D8B7F900135664 /* DigitNoiseTests.swift */,
			);
			path = DigitNoiseTests;
			sourceTree = "<group>";
		};
		E05ABB3A29D8B7F900135664 /* DigitNoiseUITests */ = {
			isa = PBXGroup;
			children = (
				E05ABB3B29D8B7F900135664 /* DigitNoiseUITests.swift */,
				E05ABB3D29D8B7F900135664 /* DigitNoiseUITestsLaunchTests.swift */,
			);
			path = DigitNoiseUITests;
			sourceTree = "<group>";
		};
		E05ABC6029D8C49E00135664 /* UI */ = {
			isa = PBXGroup;
			children = (
				E05ABB2029D8B7F700135664 /* Main.storyboard */,
				E05ABB2529D8B7F900135664 /* LaunchScreen.storyboard */,
			);
			path = UI;
			sourceTree = "<group>";
		};
		E05ABC6129D8C4A500135664 /* ViewModel */ = {
			isa = PBXGroup;
			children = (
				E08A5B7029DA0F450012EA76 /* TestViewModel.swift */,
			);
			path = ViewModel;
			sourceTree = "<group>";
		};
		E05ABC6229D8C4C100135664 /* Networking */ = {
			isa = PBXGroup;
			children = (
			);
			path = Networking;
			sourceTree = "<group>";
		};
		E05ABC6329D8C4ED00135664 /* ViewController */ = {
			isa = PBXGroup;
			children = (
				E05ABB4A29D8B89200135664 /* StartViewController.swift */,
				E05ABC6429D8C69200135664 /* TestViewController.swift */,
			);
			path = ViewController;
			sourceTree = "<group>";
		};
		E08A5B7229DA32330012EA76 /* resources */ = {
			isa = PBXGroup;
			children = (
				E0B9A72E29DB4DA900475D46 /* 1.m4a */,
				E0B9A73029DB4DA900475D46 /* 2.m4a */,
				E0B9A72329DB4DA900475D46 /* 3.m4a */,
				E0B9A72529DB4DA900475D46 /* 4.m4a */,
				E0B9A71F29DB4DA900475D46 /* 5.m4a */,
				E0B9A72829DB4DA900475D46 /* 6.m4a */,
				E0B9A72029DB4DA900475D46 /* 7.m4a */,
				E0B9A72A29DB4DA900475D46 /* 8.m4a */,
				E0B9A72F29DB4DA900475D46 /* 9.m4a */,
				E0B9A72629DB4DA900475D46 /* noise_1.m4a */,
				E0B9A72B29DB4DA900475D46 /* noise_2.m4a */,
				E0B9A72929DB4DA900475D46 /* noise_3.m4a */,
				E0B9A72C29DB4DA900475D46 /* noise_4.m4a */,
				E0B9A72D29DB4DA900475D46 /* noise_5.m4a */,
				E0B9A72129DB4DA900475D46 /* noise_6.m4a */,
				E0B9A73129DB4DA900475D46 /* noise_7.m4a */,
				E0B9A72429DB4DA900475D46 /* noise_8.m4a */,
				E0B9A72229DB4DA900475D46 /* noise_9.m4a */,
				E0B9A72729DB4DA900475D46 /* noise_10.m4a */,
			);
			path = resources;
			sourceTree = "<group>";
		};
/* End PBXGroup section */

/* Begin PBXNativeTarget section */
		E05ABB1629D8B7F700135664 /* DigitNoise */ = {
			isa = PBXNativeTarget;
			buildConfigurationList = E05ABB4129D8B7F900135664 /* Build configuration list for PBXNativeTarget "DigitNoise" */;
			buildPhases = (
				E05ABB1329D8B7F700135664 /* Sources */,
				E05ABB1429D8B7F700135664 /* Frameworks */,
				E05ABB1529D8B7F700135664 /* Resources */,
			);
			buildRules = (
			);
			dependencies = (
			);
			name = DigitNoise;
			productName = DigitNoise;
			productReference = E05ABB1729D8B7F700135664 /* DigitNoise.app */;
			productType = "com.apple.product-type.application";
		};
		E05ABB2C29D8B7F900135664 /* DigitNoiseTests */ = {
			isa = PBXNativeTarget;
			buildConfigurationList = E05ABB4429D8B7F900135664 /* Build configuration list for PBXNativeTarget "DigitNoiseTests" */;
			buildPhases = (
				E05ABB2929D8B7F900135664 /* Sources */,
				E05ABB2A29D8B7F900135664 /* Frameworks */,
				E05ABB2B29D8B7F900135664 /* Resources */,
			);
			buildRules = (
			);
			dependencies = (
				E05ABB2F29D8B7F900135664 /* PBXTargetDependency */,
			);
			name = DigitNoiseTests;
			productName = DigitNoiseTests;
			productReference = E05ABB2D29D8B7F900135664 /* DigitNoiseTests.xctest */;
			productType = "com.apple.product-type.bundle.unit-test";
		};
		E05ABB3629D8B7F900135664 /* DigitNoiseUITests */ = {
			isa = PBXNativeTarget;
			buildConfigurationList = E05ABB4729D8B7F900135664 /* Build configuration list for PBXNativeTarget "DigitNoiseUITests" */;
			buildPhases = (
				E05ABB3329D8B7F900135664 /* Sources */,
				E05ABB3429D8B7F900135664 /* Frameworks */,
				E05ABB3529D8B7F900135664 /* Resources */,
			);
			buildRules = (
			);
			dependencies = (
				E05ABB3929D8B7F900135664 /* PBXTargetDependency */,
			);
			name = DigitNoiseUITests;
			productName = DigitNoiseUITests;
			productReference = E05ABB3729D8B7F900135664 /* DigitNoiseUITests.xctest */;
			productType = "com.apple.product-type.bundle.ui-testing";
		};
/* End PBXNativeTarget section */

/* Begin PBXProject section */
		E05ABB0F29D8B7F700135664 /* Project object */ = {
			isa = PBXProject;
			attributes = {
				BuildIndependentTargetsInParallel = 1;
				LastSwiftUpdateCheck = 1340;
				LastUpgradeCheck = 1340;
				TargetAttributes = {
					E05ABB1629D8B7F700135664 = {
						CreatedOnToolsVersion = 13.4.1;
					};
					E05ABB2C29D8B7F900135664 = {
						CreatedOnToolsVersion = 13.4.1;
						TestTargetID = E05ABB1629D8B7F700135664;
					};
					E05ABB3629D8B7F900135664 = {
						CreatedOnToolsVersion = 13.4.1;
						TestTargetID = E05ABB1629D8B7F700135664;
					};
				};
			};
			buildConfigurationList = E05ABB1229D8B7F700135664 /* Build configuration list for PBXProject "DigitNoise" */;
			compatibilityVersion = "Xcode 13.0";
			developmentRegion = en;
			hasScannedForEncodings = 0;
			knownRegions = (
				en,
				Base,
			);
			mainGroup = E05ABB0E29D8B7F700135664;
			productRefGroup = E05ABB1829D8B7F700135664 /* Products */;
			projectDirPath = "";
			projectRoot = "";
			targets = (
				E05ABB1629D8B7F700135664 /* DigitNoise */,
				E05ABB2C29D8B7F900135664 /* DigitNoiseTests */,
				E05ABB3629D8B7F900135664 /* DigitNoiseUITests */,
			);
		};
/* End PBXProject section */

/* Begin PBXResourcesBuildPhase section */
		E05ABB1529D8B7F700135664 /* Resources */ = {
			isa = PBXResourcesBuildPhase;
			buildActionMask = 2147483647;
			files = (
				E0B9A73629DB4DAA00475D46 /* 3.m4a in Resources */,
				E0B9A74229DB4DAA00475D46 /* 9.m4a in Resources */,
				E0B9A73829DB4DAA00475D46 /* 4.m4a in Resources */,
				E05ABB2729D8B7F900135664 /* LaunchScreen.storyboard in Resources */,
				E0B9A73B29DB4DAA00475D46 /* 6.m4a in Resources */,
				E0B9A74329DB4DAA00475D46 /* 2.m4a in Resources */,
				E0B9A73729DB4DAA00475D46 /* noise_8.m4a in Resources */,
				E0B9A73A29DB4DAA00475D46 /* noise_10.m4a in Resources */,
				E0B9A73F29DB4DAA00475D46 /* noise_4.m4a in Resources */,
				E0B9A73C29DB4DAA00475D46 /* noise_3.m4a in Resources */,
				E0B9A73329DB4DAA00475D46 /* 7.m4a in Resources */,
				E0B9A74029DB4DAA00475D46 /* noise_5.m4a in Resources */,
				E0B9A73D29DB4DAA00475D46 /* 8.m4a in Resources */,
				E0B9A73229DB4DAA00475D46 /* 5.m4a in Resources */,
				E0B9A73429DB4DAA00475D46 /* noise_6.m4a in Resources */,
				E0B9A74129DB4DAA00475D46 /* 1.m4a in Resources */,
				E05ABB2429D8B7F900135664 /* Assets.xcassets in Resources */,
				E0B9A73E29DB4DAA00475D46 /* noise_2.m4a in Resources */,
				E0B9A73929DB4DAA00475D46 /* noise_1.m4a in Resources */,
				E05ABB2229D8B7F700135664 /* Main.storyboard in Resources */,
				E0B9A73529DB4DAA00475D46 /* noise_9.m4a in Resources */,
				E0B9A74429DB4DAA00475D46 /* noise_7.m4a in Resources */,
			);
			runOnlyForDeploymentPostprocessing = 0;
		};
		E05ABB2B29D8B7F900135664 /* Resources */ = {
			isa = PBXResourcesBuildPhase;
			buildActionMask = 2147483647;
			files = (
			);
			runOnlyForDeploymentPostprocessing = 0;
		};
		E05ABB3529D8B7F900135664 /* Resources */ = {
			isa = PBXResourcesBuildPhase;
			buildActionMask = 2147483647;
			files = (
			);
			runOnlyForDeploymentPostprocessing = 0;
		};
/* End PBXResourcesBuildPhase section */

/* Begin PBXSourcesBuildPhase section */
		E05ABB1329D8B7F700135664 /* Sources */ = {
			isa = PBXSourcesBuildPhase;
			buildActionMask = 2147483647;
			files = (
				E05ABB1B29D8B7F700135664 /* AppDelegate.swift in Sources */,
				E05ABB1D29D8B7F700135664 /* SceneDelegate.swift in Sources */,
				E08A5B7129DA0F450012EA76 /* TestViewModel.swift in Sources */,
				E05ABC6529D8C69200135664 /* TestViewController.swift in Sources */,
				E05ABB4B29D8B89200135664 /* StartViewController.swift in Sources */,
			);
			runOnlyForDeploymentPostprocessing = 0;
		};
		E05ABB2929D8B7F900135664 /* Sources */ = {
			isa = PBXSourcesBuildPhase;
			buildActionMask = 2147483647;
			files = (
				E05ABB3229D8B7F900135664 /* DigitNoiseTests.swift in Sources */,
			);
			runOnlyForDeploymentPostprocessing = 0;
		};
		E05ABB3329D8B7F900135664 /* Sources */ = {
			isa = PBXSourcesBuildPhase;
			buildActionMask = 2147483647;
			files = (
				E05ABB3C29D8B7F900135664 /* DigitNoiseUITests.swift in Sources */,
				E05ABB3E29D8B7F900135664 /* DigitNoiseUITestsLaunchTests.swift in Sources */,
			);
			runOnlyForDeploymentPostprocessing = 0;
		};
/* End PBXSourcesBuildPhase section */

/* Begin PBXTargetDependency section */
		E05ABB2F29D8B7F900135664 /* PBXTargetDependency */ = {
			isa = PBXTargetDependency;
			target = E05ABB1629D8B7F700135664 /* DigitNoise */;
			targetProxy = E05ABB2E29D8B7F900135664 /* PBXContainerItemProxy */;
		};
		E05ABB3929D8B7F900135664 /* PBXTargetDependency */ = {
			isa = PBXTargetDependency;
			target = E05ABB1629D8B7F700135664 /* DigitNoise */;
			targetProxy = E05ABB3829D8B7F900135664 /* PBXContainerItemProxy */;
		};
/* End PBXTargetDependency section */

/* Begin PBXVariantGroup section */
		E05ABB2029D8B7F700135664 /* Main.storyboard */ = {
			isa = PBXVariantGroup;
			children = (
				E05ABB2129D8B7F700135664 /* Base */,
			);
			name = Main.storyboard;
			sourceTree = "<group>";
		};
		E05ABB2529D8B7F900135664 /* LaunchScreen.storyboard */ = {
			isa = PBXVariantGroup;
			children = (
				E05ABB2629D8B7F900135664 /* Base */,
			);
			name = LaunchScreen.storyboard;
			sourceTree = "<group>";
		};
/* End PBXVariantGroup section */

/* Begin XCBuildConfiguration section */
		E05ABB3F29D8B7F900135664 /* Debug */ = {
			isa = XCBuildConfiguration;
			buildSettings = {
				ALWAYS_SEARCH_USER_PATHS = NO;
				CLANG_ANALYZER_NONNULL = YES;
				CLANG_ANALYZER_NUMBER_OBJECT_CONVERSION = YES_AGGRESSIVE;
				CLANG_CXX_LANGUAGE_STANDARD = "gnu++17";
				CLANG_ENABLE_MODULES = YES;
				CLANG_ENABLE_OBJC_ARC = YES;
				CLANG_ENABLE_OBJC_WEAK = YES;
				CLANG_WARN_BLOCK_CAPTURE_AUTORELEASING = YES;
				CLANG_WARN_BOOL_CONVERSION = YES;
				CLANG_WARN_COMMA = YES;
				CLANG_WARN_CONSTANT_CONVERSION = YES;
				CLANG_WARN_DEPRECATED_OBJC_IMPLEMENTATIONS = YES;
				CLANG_WARN_DIRECT_OBJC_ISA_USAGE = YES_ERROR;
				CLANG_WARN_DOCUMENTATION_COMMENTS = YES;
				CLANG_WARN_EMPTY_BODY = YES;
				CLANG_WARN_ENUM_CONVERSION = YES;
				CLANG_WARN_INFINITE_RECURSION = YES;
				CLANG_WARN_INT_CONVERSION = YES;
				CLANG_WARN_NON_LITERAL_NULL_CONVERSION = YES;
				CLANG_WARN_OBJC_IMPLICIT_RETAIN_SELF = YES;
				CLANG_WARN_OBJC_LITERAL_CONVERSION = YES;
				CLANG_WARN_OBJC_ROOT_CLASS = YES_ERROR;
				CLANG_WARN_QUOTED_INCLUDE_IN_FRAMEWORK_HEADER = YES;
				CLANG_WARN_RANGE_LOOP_ANALYSIS = YES;
				CLANG_WARN_STRICT_PROTOTYPES = YES;
				CLANG_WARN_SUSPICIOUS_MOVE = YES;
				CLANG_WARN_UNGUARDED_AVAILABILITY = YES_AGGRESSIVE;
				CLANG_WARN_UNREACHABLE_CODE = YES;
				CLANG_WARN__DUPLICATE_METHOD_MATCH = YES;
				COPY_PHASE_STRIP = NO;
				DEBUG_INFORMATION_FORMAT = dwarf;
				ENABLE_STRICT_OBJC_MSGSEND = YES;
				ENABLE_TESTABILITY = YES;
				GCC_C_LANGUAGE_STANDARD = gnu11;
				GCC_DYNAMIC_NO_PIC = NO;
				GCC_NO_COMMON_BLOCKS = YES;
				GCC_OPTIMIZATION_LEVEL = 0;
				GCC_PREPROCESSOR_DEFINITIONS = (
					"DEBUG=1",
					"$(inherited)",
				);
				GCC_WARN_64_TO_32_BIT_CONVERSION = YES;
				GCC_WARN_ABOUT_RETURN_TYPE = YES_ERROR;
				GCC_WARN_UNDECLARED_SELECTOR = YES;
				GCC_WARN_UNINITIALIZED_AUTOS = YES_AGGRESSIVE;
				GCC_WARN_UNUSED_FUNCTION = YES;
				GCC_WARN_UNUSED_VARIABLE = YES;
				IPHONEOS_DEPLOYMENT_TARGET = 15.5;
				MTL_ENABLE_DEBUG_INFO = INCLUDE_SOURCE;
				MTL_FAST_MATH = YES;
				ONLY_ACTIVE_ARCH = YES;
				SDKROOT = iphoneos;
				SWIFT_ACTIVE_COMPILATION_CONDITIONS = DEBUG;
				SWIFT_OPTIMIZATION_LEVEL = "-Onone";
			};
			name = Debug;
		};
		E05ABB4029D8B7F900135664 /* Release */ = {
			isa = XCBuildConfiguration;
			buildSettings = {
				ALWAYS_SEARCH_USER_PATHS = NO;
				CLANG_ANALYZER_NONNULL = YES;
				CLANG_ANALYZER_NUMBER_OBJECT_CONVERSION = YES_AGGRESSIVE;
				CLANG_CXX_LANGUAGE_STANDARD = "gnu++17";
				CLANG_ENABLE_MODULES = YES;
				CLANG_ENABLE_OBJC_ARC = YES;
				CLANG_ENABLE_OBJC_WEAK = YES;
				CLANG_WARN_BLOCK_CAPTURE_AUTORELEASING = YES;
				CLANG_WARN_BOOL_CONVERSION = YES;
				CLANG_WARN_COMMA = YES;
				CLANG_WARN_CONSTANT_CONVERSION = YES;
				CLANG_WARN_DEPRECATED_OBJC_IMPLEMENTATIONS = YES;
				CLANG_WARN_DIRECT_OBJC_ISA_USAGE = YES_ERROR;
				CLANG_WARN_DOCUMENTATION_COMMENTS = YES;
				CLANG_WARN_EMPTY_BODY = YES;
				CLANG_WARN_ENUM_CONVERSION = YES;
				CLANG_WARN_INFINITE_RECURSION = YES;
				CLANG_WARN_INT_CONVERSION = YES;
				CLANG_WARN_NON_LITERAL_NULL_CONVERSION = YES;
				CLANG_WARN_OBJC_IMPLICIT_RETAIN_SELF = YES;
				CLANG_WARN_OBJC_LITERAL_CONVERSION = YES;
				CLANG_WARN_OBJC_ROOT_CLASS = YES_ERROR;
				CLANG_WARN_QUOTED_INCLUDE_IN_FRAMEWORK_HEADER = YES;
				CLANG_WARN_RANGE_LOOP_ANALYSIS = YES;
				CLANG_WARN_STRICT_PROTOTYPES = YES;
				CLANG_WARN_SUSPICIOUS_MOVE = YES;
				CLANG_WARN_UNGUARDED_AVAILABILITY = YES_AGGRESSIVE;
				CLANG_WARN_UNREACHABLE_CODE = YES;
				CLANG_WARN__DUPLICATE_METHOD_MATCH = YES;
				COPY_PHASE_STRIP = NO;
				DEBUG_INFORMATION_FORMAT = "dwarf-with-dsym";
				ENABLE_NS_ASSERTIONS = NO;
				ENABLE_STRICT_OBJC_MSGSEND = YES;
				GCC_C_LANGUAGE_STANDARD = gnu11;
				GCC_NO_COMMON_BLOCKS = YES;
				GCC_WARN_64_TO_32_BIT_CONVERSION = YES;
				GCC_WARN_ABOUT_RETURN_TYPE = YES_ERROR;
				GCC_WARN_UNDECLARED_SELECTOR = YES;
				GCC_WARN_UNINITIALIZED_AUTOS = YES_AGGRESSIVE;
				GCC_WARN_UNUSED_FUNCTION = YES;
				GCC_WARN_UNUSED_VARIABLE = YES;
				IPHONEOS_DEPLOYMENT_TARGET = 15.5;
				MTL_ENABLE_DEBUG_INFO = NO;
				MTL_FAST_MATH = YES;
				SDKROOT = iphoneos;
				SWIFT_COMPILATION_MODE = wholemodule;
				SWIFT_OPTIMIZATION_LEVEL = "-O";
				VALIDATE_PRODUCT = YES;
			};
			name = Release;
		};
		E05ABB4229D8B7F900135664 /* Debug */ = {
			isa = XCBuildConfiguration;
			buildSettings = {
				ASSETCATALOG_COMPILER_APPICON_NAME = AppIcon;
				ASSETCATALOG_COMPILER_GLOBAL_ACCENT_COLOR_NAME = AccentColor;
				CODE_SIGN_STYLE = Automatic;
				CURRENT_PROJECT_VERSION = 1;
				GENERATE_INFOPLIST_FILE = YES;
				INFOPLIST_FILE = DigitNoise/Info.plist;
				INFOPLIST_KEY_UIApplicationSupportsIndirectInputEvents = YES;
				INFOPLIST_KEY_UILaunchStoryboardName = LaunchScreen;
				INFOPLIST_KEY_UIMainStoryboardFile = Main;
				INFOPLIST_KEY_UISupportedInterfaceOrientations_iPad = "UIInterfaceOrientationPortrait UIInterfaceOrientationPortraitUpsideDown UIInterfaceOrientationLandscapeLeft UIInterfaceOrientationLandscapeRight";
				INFOPLIST_KEY_UISupportedInterfaceOrientations_iPhone = "UIInterfaceOrientationPortrait UIInterfaceOrientationLandscapeLeft UIInterfaceOrientationLandscapeRight";
				LD_RUNPATH_SEARCH_PATHS = (
					"$(inherited)",
					"@executable_path/Frameworks",
				);
				MARKETING_VERSION = 1.0;
				PRODUCT_BUNDLE_IDENTIFIER = sekhosanamp.DigitNoise;
				PRODUCT_NAME = "$(TARGET_NAME)";
				SWIFT_EMIT_LOC_STRINGS = YES;
				SWIFT_VERSION = 5.0;
				TARGETED_DEVICE_FAMILY = "1,2";
			};
			name = Debug;
		};
		E05ABB4329D8B7F900135664 /* Release */ = {
			isa = XCBuildConfiguration;
			buildSettings = {
				ASSETCATALOG_COMPILER_APPICON_NAME = AppIcon;
				ASSETCATALOG_COMPILER_GLOBAL_ACCENT_COLOR_NAME = AccentColor;
				CODE_SIGN_STYLE = Automatic;
				CURRENT_PROJECT_VERSION = 1;
				GENERATE_INFOPLIST_FILE = YES;
				INFOPLIST_FILE = DigitNoise/Info.plist;
				INFOPLIST_KEY_UIApplicationSupportsIndirectInputEvents = YES;
				INFOPLIST_KEY_UILaunchStoryboardName = LaunchScreen;
				INFOPLIST_KEY_UIMainStoryboardFile = Main;
				INFOPLIST_KEY_UISupportedInterfaceOrientations_iPad = "UIInterfaceOrientationPortrait UIInterfaceOrientationPortraitUpsideDown UIInterfaceOrientationLandscapeLeft UIInterfaceOrientationLandscapeRight";
				INFOPLIST_KEY_UISupportedInterfaceOrientations_iPhone = "UIInterfaceOrientationPortrait UIInterfaceOrientationLandscapeLeft UIInterfaceOrientationLandscapeRight";
				LD_RUNPATH_SEARCH_PATHS = (
					"$(inherited)",
					"@executable_path/Frameworks",
				);
				MARKETING_VERSION = 1.0;
				PRODUCT_BUNDLE_IDENTIFIER = sekhosanamp.DigitNoise;
				PRODUCT_NAME = "$(TARGET_NAME)";
				SWIFT_EMIT_LOC_STRINGS = YES;
				SWIFT_VERSION = 5.0;
				TARGETED_DEVICE_FAMILY = "1,2";
			};
			name = Release;
		};
		E05ABB4529D8B7F900135664 /* Debug */ = {
			isa = XCBuildConfiguration;
			buildSettings = {
				ALWAYS_EMBED_SWIFT_STANDARD_LIBRARIES = YES;
				BUNDLE_LOADER = "$(TEST_HOST)";
				CODE_SIGN_STYLE = Automatic;
				CURRENT_PROJECT_VERSION = 1;
				GENERATE_INFOPLIST_FILE = YES;
				IPHONEOS_DEPLOYMENT_TARGET = 15.5;
				MARKETING_VERSION = 1.0;
				PRODUCT_BUNDLE_IDENTIFIER = sekhosanamp.DigitNoiseTests;
				PRODUCT_NAME = "$(TARGET_NAME)";
				SWIFT_EMIT_LOC_STRINGS = NO;
				SWIFT_VERSION = 5.0;
				TARGETED_DEVICE_FAMILY = "1,2";
				TEST_HOST = "$(BUILT_PRODUCTS_DIR)/DigitNoise.app/DigitNoise";
			};
			name = Debug;
		};
		E05ABB4629D8B7F900135664 /* Release */ = {
			isa = XCBuildConfiguration;
			buildSettings = {
				ALWAYS_EMBED_SWIFT_STANDARD_LIBRARIES = YES;
				BUNDLE_LOADER = "$(TEST_HOST)";
				CODE_SIGN_STYLE = Automatic;
				CURRENT_PROJECT_VERSION = 1;
				GENERATE_INFOPLIST_FILE = YES;
				IPHONEOS_DEPLOYMENT_TARGET = 15.5;
				MARKETING_VERSION = 1.0;
				PRODUCT_BUNDLE_IDENTIFIER = sekhosanamp.DigitNoiseTests;
				PRODUCT_NAME = "$(TARGET_NAME)";
				SWIFT_EMIT_LOC_STRINGS = NO;
				SWIFT_VERSION = 5.0;
				TARGETED_DEVICE_FAMILY = "1,2";
				TEST_HOST = "$(BUILT_PRODUCTS_DIR)/DigitNoise.app/DigitNoise";
			};
			name = Release;
		};
		E05ABB4829D8B7F900135664 /* Debug */ = {
			isa = XCBuildConfiguration;
			buildSettings = {
				ALWAYS_EMBED_SWIFT_STANDARD_LIBRARIES = YES;
				CODE_SIGN_STYLE = Automatic;
				CURRENT_PROJECT_VERSION = 1;
				GENERATE_INFOPLIST_FILE = YES;
				MARKETING_VERSION = 1.0;
				PRODUCT_BUNDLE_IDENTIFIER = sekhosanamp.DigitNoiseUITests;
				PRODUCT_NAME = "$(TARGET_NAME)";
				SWIFT_EMIT_LOC_STRINGS = NO;
				SWIFT_VERSION = 5.0;
				TARGETED_DEVICE_FAMILY = "1,2";
				TEST_TARGET_NAME = DigitNoise;
			};
			name = Debug;
		};
		E05ABB4929D8B7F900135664 /* Release */ = {
			isa = XCBuildConfiguration;
			buildSettings = {
				ALWAYS_EMBED_SWIFT_STANDARD_LIBRARIES = YES;
				CODE_SIGN_STYLE = Automatic;
				CURRENT_PROJECT_VERSION = 1;
				GENERATE_INFOPLIST_FILE = YES;
				MARKETING_VERSION = 1.0;
				PRODUCT_BUNDLE_IDENTIFIER = sekhosanamp.DigitNoiseUITests;
				PRODUCT_NAME = "$(TARGET_NAME)";
				SWIFT_EMIT_LOC_STRINGS = NO;
				SWIFT_VERSION = 5.0;
				TARGETED_DEVICE_FAMILY = "1,2";
				TEST_TARGET_NAME = DigitNoise;
			};
			name = Release;
		};
/* End XCBuildConfiguration section */

/* Begin XCConfigurationList section */
		E05ABB1229D8B7F700135664 /* Build configuration list for PBXProject "DigitNoise" */ = {
			isa = XCConfigurationList;
			buildConfigurations = (
				E05ABB3F29D8B7F900135664 /* Debug */,
				E05ABB4029D8B7F900135664 /* Release */,
			);
			defaultConfigurationIsVisible = 0;
			defaultConfigurationName = Release;
		};
		E05ABB4129D8B7F900135664 /* Build configuration list for PBXNativeTarget "DigitNoise" */ = {
			isa = XCConfigurationList;
			buildConfigurations = (
				E05ABB4229D8B7F900135664 /* Debug */,
				E05ABB4329D8B7F900135664 /* Release */,
			);
			defaultConfigurationIsVisible = 0;
			defaultConfigurationName = Release;
		};
		E05ABB4429D8B7F900135664 /* Build configuration list for PBXNativeTarget "DigitNoiseTests" */ = {
			isa = XCConfigurationList;
			buildConfigurations = (
				E05ABB4529D8B7F900135664 /* Debug */,
				E05ABB4629D8B7F900135664 /* Release */,
			);
			defaultConfigurationIsVisible = 0;
			defaultConfigurationName = Release;
		};
		E05ABB4729D8B7F900135664 /* Build configuration list for PBXNativeTarget "DigitNoiseUITests" */ = {
			isa = XCConfigurationList;
			buildConfigurations = (
				E05ABB4829D8B7F900135664 /* Debug */,
				E05ABB4929D8B7F900135664 /* Release */,
			);
			defaultConfigurationIsVisible = 0;
			defaultConfigurationName = Release;
		};
/* End XCConfigurationList section */
	};
	rootObject = E05ABB0F29D8B7F700135664 /* Project object */;
}
